
Microsoft Visual Studio Solution File, Format Version 12.00
# Visual Studio Version 17
VisualStudioVersion = 17.0.32014.148
MinimumVisualStudioVersion = 10.0.40219.1
Project("{FAE04EC0-301F-11D3-BF4B-00C04F79EFBC}") = "TestUtilitiesCalculation", "TestUtilitiesCalculation.csproj", "{8DB5592A-BAF4-41CC-9F17-5CAB854B607C}"
EndProject
Global
	GlobalSection(SolutionConfigurationPlatforms) = preSolution
		Debug|Any CPU = Debug|Any CPU
		Release|Any CPU = Release|Any CPU
	EndGlobalSection
	GlobalSection(ProjectConfigurationPlatforms) = postSolution
		{8DB5592A-BAF4-41CC-9F17-5CAB854B607C}.Debug|Any CPU.ActiveCfg = Debug|Any CPU
		{8DB5592A-BAF4-41CC-9F17-5CAB854B607C}.Debug|Any CPU.Build.0 = Debug|Any CPU
		{8DB5592A-BAF4-41CC-9F17-5CAB854B607C}.Release|Any CPU.ActiveCfg = Release|Any CPU
		{8DB5592A-BAF4-41CC-9F17-5CAB854B607C}.Release|Any CPU.Build.0 = Release|Any CPU
	EndGlobalSection
	GlobalSection(SolutionProperties) = preSolution
		HideSolutionNode = FALSE
	EndGlobalSection
	GlobalSection(ExtensibilityGlobals) = postSolution
		SolutionGuid = {EBD23846-7070-4A94-B29A-CE305619DC62}
	EndGlobalSection
EndGlobal
